// !$*UTF8*$!
{
	archiveVersion = 1;
	classes = {
	};
	objectVersion = 50;
	objects = {

/* Begin PBXBuildFile section */
		19236EA321516134000AB181 /* AppDelegate.m in Sources */ = {isa = PBXBuildFile; fileRef = 19236EA221516134000AB181 /* AppDelegate.m */; };
		19236EA921516134000AB181 /* Main.storyboard in Resources */ = {isa = PBXBuildFile; fileRef = 19236EA721516134000AB181 /* Main.storyboard */; };
		19236EAB21516135000AB181 /* Assets.xcassets in Resources */ = {isa = PBXBuildFile; fileRef = 19236EAA21516135000AB181 /* Assets.xcassets */; };
		19236EAE21516135000AB181 /* LaunchScreen.storyboard in Resources */ = {isa = PBXBuildFile; fileRef = 19236EAC21516135000AB181 /* LaunchScreen.storyboard */; };
		19236EB121516135000AB181 /* main.m in Sources */ = {isa = PBXBuildFile; fileRef = 19236EB021516135000AB181 /* main.m */; };
		19236EB9215162EE000AB181 /* XWPokemon.m in Sources */ = {isa = PBXBuildFile; fileRef = 19236EB8215162EE000AB181 /* XWPokemon.m */; };
		19236EBC215170A7000AB181 /* XWPokemonController.m in Sources */ = {isa = PBXBuildFile; fileRef = 19236EBB215170A7000AB181 /* XWPokemonController.m */; };
		19236EC221517974000AB181 /* PokeSearchViewController.swift in Sources */ = {isa = PBXBuildFile; fileRef = 19236EC121517974000AB181 /* PokeSearchViewController.swift */; };
/* End PBXBuildFile section */

/* Begin PBXFileReference section */
		19236E9E21516134000AB181 /* PokeDexC.app */ = {isa = PBXFileReference; explicitFileType = wrapper.application; includeInIndex = 0; path = PokeDexC.app; sourceTree = BUILT_PRODUCTS_DIR; };
		19236EA121516134000AB181 /* AppDelegate.h */ = {isa = PBXFileReference; lastKnownFileType = sourcecode.c.h; path = AppDelegate.h; sourceTree = "<group>"; };
		19236EA221516134000AB181 /* AppDelegate.m */ = {isa = PBXFileReference; lastKnownFileType = sourcecode.c.objc; path = AppDelegate.m; sourceTree = "<group>"; };
		19236EA821516134000AB181 /* Base */ = {isa = PBXFileReference; lastKnownFileType = file.storyboard; name = Base; path = Base.lproj/Main.storyboard; sourceTree = "<group>"; };
		19236EAA21516135000AB181 /* Assets.xcassets */ = {isa = PBXFileReference; lastKnownFileType = folder.assetcatalog; path = Assets.xcassets; sourceTree = "<group>"; };
		19236EAD21516135000AB181 /* Base */ = {isa = PBXFileReference; lastKnownFileType = file.storyboard; name = Base; path = Base.lproj/LaunchScreen.storyboard; sourceTree = "<group>"; };
		19236EAF21516135000AB181 /* Info.plist */ = {isa = PBXFileReference; lastKnownFileType = text.plist.xml; path = Info.plist; sourceTree = "<group>"; };
		19236EB021516135000AB181 /* main.m */ = {isa = PBXFileReference; lastKnownFileType = sourcecode.c.objc; path = main.m; sourceTree = "<group>"; };
		19236EB7215162EE000AB181 /* XWPokemon.h */ = {isa = PBXFileReference; lastKnownFileType = sourcecode.c.h; path = XWPokemon.h; sourceTree = "<group>"; };
		19236EB8215162EE000AB181 /* XWPokemon.m */ = {isa = PBXFileReference; lastKnownFileType = sourcecode.c.objc; path = XWPokemon.m; sourceTree = "<group>"; };
		19236EBA215170A7000AB181 /* XWPokemonController.h */ = {isa = PBXFileReference; lastKnownFileType = sourcecode.c.h; path = XWPokemonController.h; sourceTree = "<group>"; };
		19236EBB215170A7000AB181 /* XWPokemonController.m */ = {isa = PBXFileReference; lastKnownFileType = sourcecode.c.objc; path = XWPokemonController.m; sourceTree = "<group>"; };
		19236EC021517974000AB181 /* PokeDexC-Bridging-Header.h */ = {isa = PBXFileReference; lastKnownFileType = sourcecode.c.h; path = "PokeDexC-Bridging-Header.h"; sourceTree = "<group>"; };
		19236EC121517974000AB181 /* PokeSearchViewController.swift */ = {isa = PBXFileReference; lastKnownFileType = sourcecode.swift; path = PokeSearchViewController.swift; sourceTree = "<group>"; };
/* End PBXFileReference section */

/* Begin PBXFrameworksBuildPhase section */
		19236E9B21516134000AB181 /* Frameworks */ = {
			isa = PBXFrameworksBuildPhase;
			buildActionMask = 2147483647;
			files = (
			);
			runOnlyForDeploymentPostprocessing = 0;
		};
/* End PBXFrameworksBuildPhase section */

/* Begin PBXGroup section */
		19236E9521516134000AB181 = {
			isa = PBXGroup;
			children = (
				19236EA021516134000AB181 /* PokeDexC */,
				19236E9F21516134000AB181 /* Products */,
			);
			sourceTree = "<group>";
		};
		19236E9F21516134000AB181 /* Products */ = {
			isa = PBXGroup;
			children = (
				19236E9E21516134000AB181 /* PokeDexC.app */,
			);
			name = Products;
			sourceTree = "<group>";
		};
		19236EA021516134000AB181 /* PokeDexC */ = {
			isa = PBXGroup;
			children = (
				19236EA121516134000AB181 /* AppDelegate.h */,
				19236EA221516134000AB181 /* AppDelegate.m */,
				19236EBE215178F3000AB181 /* UI */,
				19236EBF21517914000AB181 /* Resources */,
				19236EBD215178DA000AB181 /* Models */,
			);
			path = PokeDexC;
			sourceTree = "<group>";
		};
		19236EBD215178DA000AB181 /* Models */ = {
			isa = PBXGroup;
			children = (
				19236EB7215162EE000AB181 /* XWPokemon.h */,
				19236EBA215170A7000AB181 /* XWPokemonController.h */,
				19236EBB215170A7000AB181 /* XWPokemonController.m */,
				19236EB8215162EE000AB181 /* XWPokemon.m */,
			);
			path = Models;
			sourceTree = "<group>";
		};
		19236EBE215178F3000AB181 /* UI */ = {
			isa = PBXGroup;
			children = (
				19236EAC21516135000AB181 /* LaunchScreen.storyboard */,
				19236EA721516134000AB181 /* Main.storyboard */,
			);
			path = UI;
			sourceTree = "<group>";
		};
		19236EBF21517914000AB181 /* Resources */ = {
			isa = PBXGroup;
			children = (
				19236EAA21516135000AB181 /* Assets.xcassets */,
				19236EAF21516135000AB181 /* Info.plist */,
				19236EB021516135000AB181 /* main.m */,
				19236EC121517974000AB181 /* PokeSearchViewController.swift */,
				19236EC021517974000AB181 /* PokeDexC-Bridging-Header.h */,
			);
			path = Resources;
			sourceTree = "<group>";
		};
/* End PBXGroup section */

/* Begin PBXNativeTarget section */
		19236E9D21516134000AB181 /* PokeDexC */ = {
			isa = PBXNativeTarget;
			buildConfigurationList = 19236EB421516135000AB181 /* Build configuration list for PBXNativeTarget "PokeDexC" */;
			buildPhases = (
				19236E9A21516134000AB181 /* Sources */,
				19236E9B21516134000AB181 /* Frameworks */,
				19236E9C21516134000AB181 /* Resources */,
			);
			buildRules = (
			);
			dependencies = (
			);
			name = PokeDexC;
			productName = PokeDexC;
			productReference = 19236E9E21516134000AB181 /* PokeDexC.app */;
			productType = "com.apple.product-type.application";
		};
/* End PBXNativeTarget section */

/* Begin PBXProject section */
		19236E9621516134000AB181 /* Project object */ = {
			isa = PBXProject;
			attributes = {
				CLASSPREFIX = XW;
				LastUpgradeCheck = 0940;
				ORGANIZATIONNAME = "Xavier ios dev";
				TargetAttributes = {
					19236E9D21516134000AB181 = {
						CreatedOnToolsVersion = 9.4.1;
						LastSwiftMigration = 0940;
					};
				};
			};
			buildConfigurationList = 19236E9921516134000AB181 /* Build configuration list for PBXProject "PokeDexC" */;
			compatibilityVersion = "Xcode 9.3";
			developmentRegion = en;
			hasScannedForEncodings = 0;
			knownRegions = (
				en,
				Base,
			);
			mainGroup = 19236E9521516134000AB181;
			productRefGroup = 19236E9F21516134000AB181 /* Products */;
			projectDirPath = "";
			projectRoot = "";
			targets = (
				19236E9D21516134000AB181 /* PokeDexC */,
			);
		};
/* End PBXProject section */

/* Begin PBXResourcesBuildPhase section */
		19236E9C21516134000AB181 /* Resources */ = {
			isa = PBXResourcesBuildPhase;
			buildActionMask = 2147483647;
			files = (
				19236EAE21516135000AB181 /* LaunchScreen.storyboard in Resources */,
				19236EAB21516135000AB181 /* Assets.xcassets in Resources */,
				19236EA921516134000AB181 /* Main.storyboard in Resources */,
			);
			runOnlyForDeploymentPostprocessing = 0;
		};
/* End PBXResourcesBuildPhase section */

/* Begin PBXSourcesBuildPhase section */
		19236E9A21516134000AB181 /* Sources */ = {
			isa = PBXSourcesBuildPhase;
			buildActionMask = 2147483647;
			files = (
				19236EBC215170A7000AB181 /* XWPokemonController.m in Sources */,
				19236EB9215162EE000AB181 /* XWPokemon.m in Sources */,
				19236EB121516135000AB181 /* main.m in Sources */,
				19236EA321516134000AB181 /* AppDelegate.m in Sources */,
				19236EC221517974000AB181 /* PokeSearchViewController.swift in Sources */,
			);
			runOnlyForDeploymentPostprocessing = 0;
		};
/* End PBXSourcesBuildPhase section */

/* Begin PBXVariantGroup section */
		19236EA721516134000AB181 /* Main.storyboard */ = {
			isa = PBXVariantGroup;
			children = (
				19236EA821516134000AB181 /* Base */,
			);
			name = Main.storyboard;
			sourceTree = "<group>";
		};
		19236EAC21516135000AB181 /* LaunchScreen.storyboard */ = {
			isa = PBXVariantGroup;
			children = (
				19236EAD21516135000AB181 /* Base */,
			);
			name = LaunchScreen.storyboard;
			sourceTree = "<group>";
		};
/* End PBXVariantGroup section */

/* Begin XCBuildConfiguration section */
		19236EB221516135000AB181 /* Debug */ = {
			isa = XCBuildConfiguration;
			buildSettings = {
				ALWAYS_SEARCH_USER_PATHS = NO;
				CLANG_ANALYZER_NONNULL = YES;
				CLANG_ANALYZER_NUMBER_OBJECT_CONVERSION = YES_AGGRESSIVE;
				CLANG_CXX_LANGUAGE_STANDARD = "gnu++14";
				CLANG_CXX_LIBRARY = "libc++";
				CLANG_ENABLE_MODULES = YES;
				CLANG_ENABLE_OBJC_ARC = YES;
				CLANG_ENABLE_OBJC_WEAK = YES;
				CLANG_WARN_BLOCK_CAPTURE_AUTORELEASING = YES;
				CLANG_WARN_BOOL_CONVERSION = YES;
				CLANG_WARN_COMMA = YES;
				CLANG_WARN_CONSTANT_CONVERSION = YES;
				CLANG_WARN_DEPRECATED_OBJC_IMPLEMENTATIONS = YES;
				CLANG_WARN_DIRECT_OBJC_ISA_USAGE = YES_ERROR;
				CLANG_WARN_DOCUMENTATION_COMMENTS = YES;
				CLANG_WARN_EMPTY_BODY = YES;
				CLANG_WARN_ENUM_CONVERSION = YES;
				CLANG_WARN_INFINITE_RECURSION = YES;
				CLANG_WARN_INT_CONVERSION = YES;
				CLANG_WARN_NON_LITERAL_NULL_CONVERSION = YES;
				CLANG_WARN_OBJC_IMPLICIT_RETAIN_SELF = YES;
				CLANG_WARN_OBJC_LITERAL_CONVERSION = YES;
				CLANG_WARN_OBJC_ROOT_CLASS = YES_ERROR;
				CLANG_WARN_RANGE_LOOP_ANALYSIS = YES;
				CLANG_WARN_STRICT_PROTOTYPES = YES;
				CLANG_WARN_SUSPICIOUS_MOVE = YES;
				CLANG_WARN_UNGUARDED_AVAILABILITY = YES_AGGRESSIVE;
				CLANG_WARN_UNREACHABLE_CODE = YES;
				CLANG_WARN__DUPLICATE_METHOD_MATCH = YES;
				CODE_SIGN_IDENTITY = "iPhone Developer";
				COPY_PHASE_STRIP = NO;
				DEBUG_INFORMATION_FORMAT = dwarf;
				ENABLE_STRICT_OBJC_MSGSEND = YES;
				ENABLE_TESTABILITY = YES;
				GCC_C_LANGUAGE_STANDARD = gnu11;
				GCC_DYNAMIC_NO_PIC = NO;
				GCC_NO_COMMON_BLOCKS = YES;
				GCC_OPTIMIZATION_LEVEL = 0;
				GCC_PREPROCESSOR_DEFINITIONS = (
					"DEBUG=1",
					"$(inherited)",
				);
				GCC_WARN_64_TO_32_BIT_CONVERSION = YES;
				GCC_WARN_ABOUT_RETURN_TYPE = YES_ERROR;
				GCC_WARN_UNDECLARED_SELECTOR = YES;
				GCC_WARN_UNINITIALIZED_AUTOS = YES_AGGRESSIVE;
				GCC_WARN_UNUSED_FUNCTION = YES;
				GCC_WARN_UNUSED_VARIABLE = YES;
				IPHONEOS_DEPLOYMENT_TARGET = 11.4;
				MTL_ENABLE_DEBUG_INFO = YES;
				ONLY_ACTIVE_ARCH = YES;
				SDKROOT = iphoneos;
			};
			name = Debug;
		};
		19236EB321516135000AB181 /* Release */ = {
			isa = XCBuildConfiguration;
			buildSettings = {
				ALWAYS_SEARCH_USER_PATHS = NO;
				CLANG_ANALYZER_NONNULL = YES;
				CLANG_ANALYZER_NUMBER_OBJECT_CONVERSION = YES_AGGRESSIVE;
				CLANG_CXX_LANGUAGE_STANDARD = "gnu++14";
				CLANG_CXX_LIBRARY = "libc++";
				CLANG_ENABLE_MODULES = YES;
				CLANG_ENABLE_OBJC_ARC = YES;
				CLANG_ENABLE_OBJC_WEAK = YES;
				CLANG_WARN_BLOCK_CAPTURE_AUTORELEASING = YES;
				CLANG_WARN_BOOL_CONVERSION = YES;
				CLANG_WARN_COMMA = YES;
				CLANG_WARN_CONSTANT_CONVERSION = YES;
				CLANG_WARN_DEPRECATED_OBJC_IMPLEMENTATIONS = YES;
				CLANG_WARN_DIRECT_OBJC_ISA_USAGE = YES_ERROR;
				CLANG_WARN_DOCUMENTATION_COMMENTS = YES;
				CLANG_WARN_EMPTY_BODY = YES;
				CLANG_WARN_ENUM_CONVERSION = YES;
				CLANG_WARN_INFINITE_RECURSION = YES;
				CLANG_WARN_INT_CONVERSION = YES;
				CLANG_WARN_NON_LITERAL_NULL_CONVERSION = YES;
				CLANG_WARN_OBJC_IMPLICIT_RETAIN_SELF = YES;
				CLANG_WARN_OBJC_LITERAL_CONVERSION = YES;
				CLANG_WARN_OBJC_ROOT_CLASS = YES_ERROR;
				CLANG_WARN_RANGE_LOOP_ANALYSIS = YES;
				CLANG_WARN_STRICT_PROTOTYPES = YES;
				CLANG_WARN_SUSPICIOUS_MOVE = YES;
				CLANG_WARN_UNGUARDED_AVAILABILITY = YES_AGGRESSIVE;
				CLANG_WARN_UNREACHABLE_CODE = YES;
				CLANG_WARN__DUPLICATE_METHOD_MATCH = YES;
				CODE_SIGN_IDENTITY = "iPhone Developer";
				COPY_PHASE_STRIP = NO;
				DEBUG_INFORMATION_FORMAT = "dwarf-with-dsym";
				ENABLE_NS_ASSERTIONS = NO;
				ENABLE_STRICT_OBJC_MSGSEND = YES;
				GCC_C_LANGUAGE_STANDARD = gnu11;
				GCC_NO_COMMON_BLOCKS = YES;
				GCC_WARN_64_TO_32_BIT_CONVERSION = YES;
				GCC_WARN_ABOUT_RETURN_TYPE = YES_ERROR;
				GCC_WARN_UNDECLARED_SELECTOR = YES;
				GCC_WARN_UNINITIALIZED_AUTOS = YES_AGGRESSIVE;
				GCC_WARN_UNUSED_FUNCTION = YES;
				GCC_WARN_UNUSED_VARIABLE = YES;
				IPHONEOS_DEPLOYMENT_TARGET = 11.4;
				MTL_ENABLE_DEBUG_INFO = NO;
				SDKROOT = iphoneos;
				VALIDATE_PRODUCT = YES;
			};
			name = Release;
		};
		19236EB521516135000AB181 /* Debug */ = {
			isa = XCBuildConfiguration;
			buildSettings = {
				ASSETCATALOG_COMPILER_APPICON_NAME = AppIcon;
				CLANG_ENABLE_MODULES = YES;
				CODE_SIGN_STYLE = Automatic;
				INFOPLIST_FILE = "$(SRCROOT)/PokeDexC/Resources/Info.plist";
				LD_RUNPATH_SEARCH_PATHS = (
					"$(inherited)",
					"@executable_path/Frameworks",
				);
				PRODUCT_BUNDLE_IDENTIFIER = COM.UDACITY.PokeDexC;
				PRODUCT_NAME = "$(TARGET_NAME)";
				SWIFT_OBJC_BRIDGING_HEADER = "PokeDexC/Resources/PokeDexC-Bridging-Header.h";
				SWIFT_OPTIMIZATION_LEVEL = "-Onone";
				SWIFT_VERSION = 3.0;
				TARGETED_DEVICE_FAMILY = "1,2";
			};
			name = Debug;
		};
		19236EB621516135000AB181 /* Release */ = {
			isa = XCBuildConfiguration;
			buildSettings = {
				ASSETCATALOG_COMPILER_APPICON_NAME = AppIcon;
				CLANG_ENABLE_MODULES = YES;
				CODE_SIGN_STYLE = Automatic;
				INFOPLIST_FILE = "$(SRCROOT)/PokeDexC/Resources/Info.plist";
				LD_RUNPATH_SEARCH_PATHS = (
					"$(inherited)",
					"@executable_path/Frameworks",
				);
				PRODUCT_BUNDLE_IDENTIFIER = COM.UDACITY.PokeDexC;
				PRODUCT_NAME = "$(TARGET_NAME)";
				SWIFT_OBJC_BRIDGING_HEADER = "PokeDexC/Resources/PokeDexC-Bridging-Header.h";
				SWIFT_VERSION = 3.0;
				TARGETED_DEVICE_FAMILY = "1,2";
			};
			name = Release;
		};
/* End XCBuildConfiguration section */

/* Begin XCConfigurationList section */
		19236E9921516134000AB181 /* Build configuration list for PBXProject "PokeDexC" */ = {
			isa = XCConfigurationList;
			buildConfigurations = (
				19236EB221516135000AB181 /* Debug */,
				19236EB321516135000AB181 /* Release */,
			);
			defaultConfigurationIsVisible = 0;
			defaultConfigurationName = Release;
		};
		19236EB421516135000AB181 /* Build configuration list for PBXNativeTarget "PokeDexC" */ = {
			isa = XCConfigurationList;
			buildConfigurations = (
				19236EB521516135000AB181 /* Debug */,
				19236EB621516135000AB181 /* Release */,
			);
			defaultConfigurationIsVisible = 0;
			defaultConfigurationName = Release;
		};
/* End XCConfigurationList section */
	};
	rootObject = 19236E9621516134000AB181 /* Project object */;
}
